// !$*UTF8*$!
{
	archiveVersion = 1;
	classes = {
	};
	objectVersion = 46;
	objects = {

/* Begin PBXBuildFile section */
		5849555F1E39712D004792D2 /* AboutViewController.swift in Sources */ = {isa = PBXBuildFile; fileRef = 5849555E1E39712D004792D2 /* AboutViewController.swift */; };
		584955691E3BF50F004792D2 /* CustomTableViewCell.swift in Sources */ = {isa = PBXBuildFile; fileRef = 584955681E3BF50F004792D2 /* CustomTableViewCell.swift */; };
		5849556D1E3BF7A1004792D2 /* HistoryEventCell.swift in Sources */ = {isa = PBXBuildFile; fileRef = 5849556C1E3BF7A1004792D2 /* HistoryEventCell.swift */; };
		58AE73901E3714AF00776D35 /* AppDelegate.swift in Sources */ = {isa = PBXBuildFile; fileRef = 58AE738F1E3714AF00776D35 /* AppDelegate.swift */; };
		58AE73921E3714AF00776D35 /* FirstViewController.swift in Sources */ = {isa = PBXBuildFile; fileRef = 58AE73911E3714AF00776D35 /* FirstViewController.swift */; };
		58AE73971E3714AF00776D35 /* Main.storyboard in Resources */ = {isa = PBXBuildFile; fileRef = 58AE73951E3714AF00776D35 /* Main.storyboard */; };
		58AE73991E3714AF00776D35 /* Assets.xcassets in Resources */ = {isa = PBXBuildFile; fileRef = 58AE73981E3714AF00776D35 /* Assets.xcassets */; };
		58AE739C1E3714AF00776D35 /* LaunchScreen.storyboard in Resources */ = {isa = PBXBuildFile; fileRef = 58AE739A1E3714AF00776D35 /* LaunchScreen.storyboard */; };
		58D828631E3BFAD4004DB15B /* MealTableViewController.swift in Sources */ = {isa = PBXBuildFile; fileRef = 58D828611E3BFAD4004DB15B /* MealTableViewController.swift */; };
		58D828641E3BFAD4004DB15B /* MealTableViewController.xib in Resources */ = {isa = PBXBuildFile; fileRef = 58D828621E3BFAD4004DB15B /* MealTableViewController.xib */; };
		58D828661E3EBBDA004DB15B /* HistoryEventViewController.swift in Sources */ = {isa = PBXBuildFile; fileRef = 58D828651E3EBBDA004DB15B /* HistoryEventViewController.swift */; };
		58D828681E3EC7D4004DB15B /* funFactsViewController.swift in Sources */ = {isa = PBXBuildFile; fileRef = 58D828671E3EC7D4004DB15B /* funFactsViewController.swift */; };
		58D8286A1E407883004DB15B /* CalendarViewController.swift in Sources */ = {isa = PBXBuildFile; fileRef = 58D828691E407883004DB15B /* CalendarViewController.swift */; };
/* End PBXBuildFile section */

/* Begin PBXFileReference section */
		5849555E1E39712D004792D2 /* AboutViewController.swift */ = {isa = PBXFileReference; fileEncoding = 4; lastKnownFileType = sourcecode.swift; path = AboutViewController.swift; sourceTree = "<group>"; };
		584955681E3BF50F004792D2 /* CustomTableViewCell.swift */ = {isa = PBXFileReference; fileEncoding = 4; lastKnownFileType = sourcecode.swift; path = CustomTableViewCell.swift; sourceTree = "<group>"; };
		5849556C1E3BF7A1004792D2 /* HistoryEventCell.swift */ = {isa = PBXFileReference; fileEncoding = 4; lastKnownFileType = sourcecode.swift; path = HistoryEventCell.swift; sourceTree = "<group>"; };
		58AE738C1E3714AF00776D35 /* TFI.app */ = {isa = PBXFileReference; explicitFileType = wrapper.application; includeInIndex = 0; path = TFI.app; sourceTree = BUILT_PRODUCTS_DIR; };
		58AE738F1E3714AF00776D35 /* AppDelegate.swift */ = {isa = PBXFileReference; lastKnownFileType = sourcecode.swift; path = AppDelegate.swift; sourceTree = "<group>"; };
		58AE73911E3714AF00776D35 /* FirstViewController.swift */ = {isa = PBXFileReference; lastKnownFileType = sourcecode.swift; path = FirstViewController.swift; sourceTree = "<group>"; };
		58AE73961E3714AF00776D35 /* Base */ = {isa = PBXFileReference; lastKnownFileType = file.storyboard; name = Base; path = Base.lproj/Main.storyboard; sourceTree = "<group>"; };
		58AE73981E3714AF00776D35 /* Assets.xcassets */ = {isa = PBXFileReference; lastKnownFileType = folder.assetcatalog; path = Assets.xcassets; sourceTree = "<group>"; };
		58AE739B1E3714AF00776D35 /* Base */ = {isa = PBXFileReference; lastKnownFileType = file.storyboard; name = Base; path = Base.lproj/LaunchScreen.storyboard; sourceTree = "<group>"; };
		58AE739D1E3714AF00776D35 /* Info.plist */ = {isa = PBXFileReference; lastKnownFileType = text.plist.xml; path = Info.plist; sourceTree = "<group>"; };
		58D828611E3BFAD4004DB15B /* MealTableViewController.swift */ = {isa = PBXFileReference; fileEncoding = 4; lastKnownFileType = sourcecode.swift; path = MealTableViewController.swift; sourceTree = "<group>"; };
		58D828621E3BFAD4004DB15B /* MealTableViewController.xib */ = {isa = PBXFileReference; fileEncoding = 4; lastKnownFileType = file.xib; path = MealTableViewController.xib; sourceTree = "<group>"; };
		58D828651E3EBBDA004DB15B /* HistoryEventViewController.swift */ = {isa = PBXFileReference; fileEncoding = 4; lastKnownFileType = sourcecode.swift; path = HistoryEventViewController.swift; sourceTree = "<group>"; };
		58D828671E3EC7D4004DB15B /* funFactsViewController.swift */ = {isa = PBXFileReference; fileEncoding = 4; lastKnownFileType = sourcecode.swift; path = funFactsViewController.swift; sourceTree = "<group>"; };
		58D828691E407883004DB15B /* CalendarViewController.swift */ = {isa = PBXFileReference; fileEncoding = 4; lastKnownFileType = sourcecode.swift; path = CalendarViewController.swift; sourceTree = "<group>"; };
/* End PBXFileReference section */

/* Begin PBXFrameworksBuildPhase section */
		58AE73891E3714AF00776D35 /* Frameworks */ = {
			isa = PBXFrameworksBuildPhase;
			buildActionMask = 2147483647;
			files = (
			);
			runOnlyForDeploymentPostprocessing = 0;
		};
/* End PBXFrameworksBuildPhase section */

/* Begin PBXGroup section */
		58AE73831E3714AF00776D35 = {
			isa = PBXGroup;
			children = (
				58AE738E1E3714AF00776D35 /* TFI */,
				58AE738D1E3714AF00776D35 /* Products */,
			);
			sourceTree = "<group>";
		};
		58AE738D1E3714AF00776D35 /* Products */ = {
			isa = PBXGroup;
			children = (
				58AE738C1E3714AF00776D35 /* TFI.app */,
			);
			name = Products;
			sourceTree = "<group>";
		};
		58AE738E1E3714AF00776D35 /* TFI */ = {
			isa = PBXGroup;
			children = (
				58AE738F1E3714AF00776D35 /* AppDelegate.swift */,
				58AE73911E3714AF00776D35 /* FirstViewController.swift */,
				584955681E3BF50F004792D2 /* CustomTableViewCell.swift */,
				58AE73951E3714AF00776D35 /* Main.storyboard */,
				58D828691E407883004DB15B /* CalendarViewController.swift */,
				58D828671E3EC7D4004DB15B /* funFactsViewController.swift */,
				58D828611E3BFAD4004DB15B /* MealTableViewController.swift */,
				58D828621E3BFAD4004DB15B /* MealTableViewController.xib */,
				5849556C1E3BF7A1004792D2 /* HistoryEventCell.swift */,
				58D828651E3EBBDA004DB15B /* HistoryEventViewController.swift */,
				5849555E1E39712D004792D2 /* AboutViewController.swift */,
				58AE73981E3714AF00776D35 /* Assets.xcassets */,
				58AE739A1E3714AF00776D35 /* LaunchScreen.storyboard */,
				58AE739D1E3714AF00776D35 /* Info.plist */,
			);
			path = TFI;
			sourceTree = "<group>";
		};
/* End PBXGroup section */

/* Begin PBXNativeTarget section */
		58AE738B1E3714AF00776D35 /* TFI */ = {
			isa = PBXNativeTarget;
			buildConfigurationList = 58AE73A01E3714AF00776D35 /* Build configuration list for PBXNativeTarget "TFI" */;
			buildPhases = (
				58AE73881E3714AF00776D35 /* Sources */,
				58AE73891E3714AF00776D35 /* Frameworks */,
				58AE738A1E3714AF00776D35 /* Resources */,
			);
			buildRules = (
			);
			dependencies = (
			);
			name = TFI;
			productName = TFI;
			productReference = 58AE738C1E3714AF00776D35 /* TFI.app */;
			productType = "com.apple.product-type.application";
		};
/* End PBXNativeTarget section */

/* Begin PBXProject section */
		58AE73841E3714AF00776D35 /* Project object */ = {
			isa = PBXProject;
			attributes = {
				LastSwiftUpdateCheck = 0820;
				LastUpgradeCheck = 0820;
				ORGANIZATIONNAME = Gabmech;
				TargetAttributes = {
					58AE738B1E3714AF00776D35 = {
						CreatedOnToolsVersion = 8.2.1;
						DevelopmentTeam = 9V2GWD5AH8;
						ProvisioningStyle = Automatic;
					};
				};
			};
			buildConfigurationList = 58AE73871E3714AF00776D35 /* Build configuration list for PBXProject "TFI" */;
			compatibilityVersion = "Xcode 3.2";
			developmentRegion = English;
			hasScannedForEncodings = 0;
			knownRegions = (
				en,
				Base,
			);
			mainGroup = 58AE73831E3714AF00776D35;
			productRefGroup = 58AE738D1E3714AF00776D35 /* Products */;
			projectDirPath = "";
			projectRoot = "";
			targets = (
				58AE738B1E3714AF00776D35 /* TFI */,
			);
		};
/* End PBXProject section */

/* Begin PBXResourcesBuildPhase section */
		58AE738A1E3714AF00776D35 /* Resources */ = {
			isa = PBXResourcesBuildPhase;
			buildActionMask = 2147483647;
			files = (
				58AE739C1E3714AF00776D35 /* LaunchScreen.storyboard in Resources */,
				58AE73991E3714AF00776D35 /* Assets.xcassets in Resources */,
				58D828641E3BFAD4004DB15B /* MealTableViewController.xib in Resources */,
				58AE73971E3714AF00776D35 /* Main.storyboard in Resources */,
			);
			runOnlyForDeploymentPostprocessing = 0;
		};
/* End PBXResourcesBuildPhase section */

/* Begin PBXSourcesBuildPhase section */
		58AE73881E3714AF00776D35 /* Sources */ = {
			isa = PBXSourcesBuildPhase;
			buildActionMask = 2147483647;
			files = (
				584955691E3BF50F004792D2 /* CustomTableViewCell.swift in Sources */,
				58AE73901E3714AF00776D35 /* AppDelegate.swift in Sources */,
				5849556D1E3BF7A1004792D2 /* HistoryEventCell.swift in Sources */,
				58D828661E3EBBDA004DB15B /* HistoryEventViewController.swift in Sources */,
				5849555F1E39712D004792D2 /* AboutViewController.swift in Sources */,
				58D828631E3BFAD4004DB15B /* MealTableViewController.swift in Sources */,
				58D8286A1E407883004DB15B /* CalendarViewController.swift in Sources */,
				58D828681E3EC7D4004DB15B /* funFactsViewController.swift in Sources */,
				58AE73921E3714AF00776D35 /* FirstViewController.swift in Sources */,
			);
			runOnlyForDeploymentPostprocessing = 0;
		};
/* End PBXSourcesBuildPhase section */

/* Begin PBXVariantGroup section */
		58AE73951E3714AF00776D35 /* Main.storyboard */ = {
			isa = PBXVariantGroup;
			children = (
				58AE73961E3714AF00776D35 /* Base */,
			);
			name = Main.storyboard;
			sourceTree = "<group>";
		};
		58AE739A1E3714AF00776D35 /* LaunchScreen.storyboard */ = {
			isa = PBXVariantGroup;
			children = (
				58AE739B1E3714AF00776D35 /* Base */,
			);
			name = LaunchScreen.storyboard;
			sourceTree = "<group>";
		};
/* End PBXVariantGroup section */

/* Begin XCBuildConfiguration section */
		58AE739E1E3714AF00776D35 /* Debug */ = {
			isa = XCBuildConfiguration;
			buildSettings = {
				ALWAYS_SEARCH_USER_PATHS = NO;
				CLANG_ANALYZER_NONNULL = YES;
				CLANG_CXX_LANGUAGE_STANDARD = "gnu++0x";
				CLANG_CXX_LIBRARY = "libc++";
				CLANG_ENABLE_MODULES = YES;
				CLANG_ENABLE_OBJC_ARC = YES;
				CLANG_WARN_BOOL_CONVERSION = YES;
				CLANG_WARN_CONSTANT_CONVERSION = YES;
				CLANG_WARN_DIRECT_OBJC_ISA_USAGE = YES_ERROR;
				CLANG_WARN_DOCUMENTATION_COMMENTS = YES;
				CLANG_WARN_EMPTY_BODY = YES;
				CLANG_WARN_ENUM_CONVERSION = YES;
				CLANG_WARN_INFINITE_RECURSION = YES;
				CLANG_WARN_INT_CONVERSION = YES;
				CLANG_WARN_OBJC_ROOT_CLASS = YES_ERROR;
				CLANG_WARN_SUSPICIOUS_MOVE = YES;
				CLANG_WARN_UNREACHABLE_CODE = YES;
				CLANG_WARN__DUPLICATE_METHOD_MATCH = YES;
				"CODE_SIGN_IDENTITY[sdk=iphoneos*]" = "iPhone Developer";
				COPY_PHASE_STRIP = NO;
				DEBUG_INFORMATION_FORMAT = dwarf;
				ENABLE_STRICT_OBJC_MSGSEND = YES;
				ENABLE_TESTABILITY = YES;
				GCC_C_LANGUAGE_STANDARD = gnu99;
				GCC_DYNAMIC_NO_PIC = NO;
				GCC_NO_COMMON_BLOCKS = YES;
				GCC_OPTIMIZATION_LEVEL = 0;
				GCC_PREPROCESSOR_DEFINITIONS = (
					"DEBUG=1",
					"$(inherited)",
				);
				GCC_WARN_64_TO_32_BIT_CONVERSION = YES;
				GCC_WARN_ABOUT_RETURN_TYPE = YES_ERROR;
				GCC_WARN_UNDECLARED_SELECTOR = YES;
				GCC_WARN_UNINITIALIZED_AUTOS = YES_AGGRESSIVE;
				GCC_WARN_UNUSED_FUNCTION = YES;
				GCC_WARN_UNUSED_VARIABLE = YES;
				IPHONEOS_DEPLOYMENT_TARGET = 10.2;
				MTL_ENABLE_DEBUG_INFO = YES;
				ONLY_ACTIVE_ARCH = YES;
				SDKROOT = iphoneos;
				SWIFT_ACTIVE_COMPILATION_CONDITIONS = DEBUG;
				SWIFT_OPTIMIZATION_LEVEL = "-Onone";
			};
			name = Debug;
		};
		58AE739F1E3714AF00776D35 /* Release */ = {
			isa = XCBuildConfiguration;
			buildSettings = {
				ALWAYS_SEARCH_USER_PATHS = NO;
				CLANG_ANALYZER_NONNULL = YES;
				CLANG_CXX_LANGUAGE_STANDARD = "gnu++0x";
				CLANG_CXX_LIBRARY = "libc++";
				CLANG_ENABLE_MODULES = YES;
				CLANG_ENABLE_OBJC_ARC = YES;
				CLANG_WARN_BOOL_CONVERSION = YES;
				CLANG_WARN_CONSTANT_CONVERSION = YES;
				CLANG_WARN_DIRECT_OBJC_ISA_USAGE = YES_ERROR;
				CLANG_WARN_DOCUMENTATION_COMMENTS = YES;
				CLANG_WARN_EMPTY_BODY = YES;
				CLANG_WARN_ENUM_CONVERSION = YES;
				CLANG_WARN_INFINITE_RECURSION = YES;
				CLANG_WARN_INT_CONVERSION = YES;
				CLANG_WARN_OBJC_ROOT_CLASS = YES_ERROR;
				CLANG_WARN_SUSPICIOUS_MOVE = YES;
				CLANG_WARN_UNREACHABLE_CODE = YES;
				CLANG_WARN__DUPLICATE_METHOD_MATCH = YES;
				"CODE_SIGN_IDENTITY[sdk=iphoneos*]" = "iPhone Developer";
				COPY_PHASE_STRIP = NO;
				DEBUG_INFORMATION_FORMAT = "dwarf-with-dsym";
				ENABLE_NS_ASSERTIONS = NO;
				ENABLE_STRICT_OBJC_MSGSEND = YES;
				GCC_C_LANGUAGE_STANDARD = gnu99;
				GCC_NO_COMMON_BLOCKS = YES;
				GCC_WARN_64_TO_32_BIT_CONVERSION = YES;
				GCC_WARN_ABOUT_RETURN_TYPE = YES_ERROR;
				GCC_WARN_UNDECLARED_SELECTOR = YES;
				GCC_WARN_UNINITIALIZED_AUTOS = YES_AGGRESSIVE;
				GCC_WARN_UNUSED_FUNCTION = YES;
				GCC_WARN_UNUSED_VARIABLE = YES;
				IPHONEOS_DEPLOYMENT_TARGET = 10.2;
				MTL_ENABLE_DEBUG_INFO = NO;
				SDKROOT = iphoneos;
				SWIFT_OPTIMIZATION_LEVEL = "-Owholemodule";
				VALIDATE_PRODUCT = YES;
			};
			name = Release;
		};
		58AE73A11E3714AF00776D35 /* Debug */ = {
			isa = XCBuildConfiguration;
			buildSettings = {
				ASSETCATALOG_COMPILER_APPICON_NAME = AppIcon;
				"CODE_SIGN_IDENTITY[sdk=iphoneos*]" = "iPhone Developer";
				DEVELOPMENT_TEAM = 9V2GWD5AH8;
				INFOPLIST_FILE = TFI/Info.plist;
				LD_RUNPATH_SEARCH_PATHS = "$(inherited) @executable_path/Frameworks";
				PRODUCT_BUNDLE_IDENTIFIER = com.gabmech.TFI;
				PRODUCT_NAME = "$(TARGET_NAME)";
				SWIFT_VERSION = 3.0;
			};
			name = Debug;
		};
		58AE73A21E3714AF00776D35 /* Release */ = {
			isa = XCBuildConfiguration;
			buildSettings = {
				ASSETCATALOG_COMPILER_APPICON_NAME = AppIcon;
				"CODE_SIGN_IDENTITY[sdk=iphoneos*]" = "iPhone Developer";
				DEVELOPMENT_TEAM = 9V2GWD5AH8;
				INFOPLIST_FILE = TFI/Info.plist;
				LD_RUNPATH_SEARCH_PATHS = "$(inherited) @executable_path/Frameworks";
				PRODUCT_BUNDLE_IDENTIFIER = com.gabmech.TFI;
				PRODUCT_NAME = "$(TARGET_NAME)";
				SWIFT_VERSION = 3.0;
			};
			name = Release;
		};
/* End XCBuildConfiguration section */

/* Begin XCConfigurationList section */
		58AE73871E3714AF00776D35 /* Build configuration list for PBXProject "TFI" */ = {
			isa = XCConfigurationList;
			buildConfigurations = (
				58AE739E1E3714AF00776D35 /* Debug */,
				58AE739F1E3714AF00776D35 /* Release */,
			);
			defaultConfigurationIsVisible = 0;
			defaultConfigurationName = Release;
		};
		58AE73A01E3714AF00776D35 /* Build configuration list for PBXNativeTarget "TFI" */ = {
			isa = XCConfigurationList;
			buildConfigurations = (
				58AE73A11E3714AF00776D35 /* Debug */,
				58AE73A21E3714AF00776D35 /* Release */,
			);
			defaultConfigurationIsVisible = 0;
			defaultConfigurationName = Release;
		};
/* End XCConfigurationList section */
	};
	rootObject = 58AE73841E3714AF00776D35 /* Project object */;
}
